lockfileVersion: '9.0'

settings:
  autoInstallPeers: true
  excludeLinksFromLockfile: false

overrides:
  cookie@<0.7.0: '>=0.7.0'

importers:

  .:
    dependencies:
      bits-ui:
        specifier: file:./bits-ui
        version: file:bits-ui
      lucide-svelte:
        specifier: ^0.525.0
        version: 0.525.0(svelte@5.36.13)
      pdfjs-dist:
        specifier: ^5.3.93
        version: 5.3.93
    devDependencies:
      '@lucide/svelte':
        specifier: ^0.525.0
        version: 0.525.0(svelte@5.36.13)
      '@sveltejs/adapter-auto':
        specifier: ^6.0.1
        version: 6.0.1(@sveltejs/kit@2.25.1(@sveltejs/vite-plugin-svelte@6.1.0(svelte@5.36.13)(vite@7.0.5))(svelte@5.36.13)(vite@7.0.5))
      '@sveltejs/kit':
        specifier: ^2.25.1
        version: 2.25.1(@sveltejs/vite-plugin-svelte@6.1.0(svelte@5.36.13)(vite@7.0.5))(svelte@5.36.13)(vite@7.0.5)
      '@sveltejs/vite-plugin-svelte':
        specifier: ^6.1.0
        version: 6.1.0(svelte@5.36.13)(vite@7.0.5)
      '@tailwindcss/vite':
        specifier: ^4.1.11
        version: 4.1.11(vite@7.0.5)
      clsx:
        specifier: ^2.1.1
        version: 2.1.1
      svelte:
        specifier: ^5.36.13
        version: 5.36.13
      svelte-check:
        specifier: ^4.3.0
        version: 4.3.0(picomatch@4.0.3)(svelte@5.36.13)(typescript@5.8.3)
      tailwind-merge:
        specifier: ^3.3.1
        version: 3.3.1
      tailwind-variants:
        specifier: ^1.0.0
        version: 1.0.0(tailwindcss@4.1.11)
      tailwindcss:
        specifier: ^4.1.11
        version: 4.1.11
      tw-animate-css:
        specifier: ^1.3.5
        version: 1.3.5
      typescript:
        specifier: ^5.8.3
        version: 5.8.3
      vite:
        specifier: ^7.0.5
        version: 7.0.5

packages:

  '@ampproject/remapping@2.3.0':
    resolution: {integrity: sha512-30iZtAPgz+LTIYoeivqYo853f02jBYSd5uGnGpkFV0M3xOt9aN73erkgYAmZU43x4VfqcnLxW9Kpg3R5LC4YYw==}
    engines: {node: '>=6.0.0'}

  '@isaacs/fs-minipass@4.0.1':
    resolution: {integrity: sha512-wgm9Ehl2jpeqP3zw/7mo3kRHFp5MEDhqAdwy1fTGkHAwnkGOVsgpvQhL8B5n1qlb01jV3n/bI0ZfZp5lWA1k4w==}
    engines: {node: '>=18.0.0'}

  '@jridgewell/gen-mapping@0.3.12':
    resolution: {integrity: sha512-OuLGC46TjB5BbN1dH8JULVVZY4WTdkF7tV9Ys6wLL1rubZnCMstOhNHueU5bLCrnRuDhKPDM4g6sw4Bel5Gzqg==}

  '@jridgewell/resolve-uri@3.1.2':
    resolution: {integrity: sha512-bRISgCIjP20/tbWSPWMEi54QVPRZExkuD9lJL+UIxUKtwVJA8wW1Trb1jMs1RFXo1CBTNZ/5hpC9QvmKWdopKw==}
    engines: {node: '>=6.0.0'}

  '@jridgewell/sourcemap-codec@1.5.4':
    resolution: {integrity: sha512-VT2+G1VQs/9oz078bLrYbecdZKs912zQlkelYpuf+SXF+QvZDYJlbx/LSx+meSAwdDFnF8FVXW92AVjjkVmgFw==}

  '@jridgewell/trace-mapping@0.3.29':
    resolution: {integrity: sha512-uw6guiW/gcAGPDhLmd77/6lW8QLeiV5RUTsAX46Db6oLhGaVj4lhnPwb184s1bkc8kdVg/+h988dro8GRDpmYQ==}

  '@lucide/svelte@0.525.0':
    resolution: {integrity: sha512-dyUxkXzepagLUzL8jHQNdeH286nC66ClLACsg+Neu/bjkRJWPWMzkT+H0DKlE70QdkicGCfs1ZGmXCc351hmZA==}
    peerDependencies:
      svelte: ^5

  '@polka/url@1.0.0-next.29':
    resolution: {integrity: sha512-wwQAWhWSuHaag8c4q/KN/vCoeOJYshAIvMQwD4GpSb3OiZklFfvAgmj0VCBBImRpuF/aFgIRzllXlVX93Jevww==}

  '@sveltejs/acorn-typescript@1.0.5':
    resolution: {integrity: sha512-IwQk4yfwLdibDlrXVE04jTZYlLnwsTT2PIOQQGNLWfjavGifnk1JD1LcZjZaBTRcxZu2FfPfNLOE04DSu9lqtQ==}
    peerDependencies:
      acorn: ^8.9.0

  '@sveltejs/adapter-auto@6.0.1':
    resolution: {integrity: sha512-mcWud3pYGPWM2Pphdj8G9Qiq24nZ8L4LB7coCUckUEy5Y7wOWGJ/enaZ4AtJTcSm5dNK1rIkBRoqt+ae4zlxcQ==}
    peerDependencies:
      '@sveltejs/kit': ^2.0.0

  '@sveltejs/kit@2.25.1':
    resolution: {integrity: sha512-8H+fxDEp7Xq6tLFdrGdS5fLu6ONDQQ9DgyjboXpChubuFdfH9QoFX09ypssBpyNkJNZFt9eW3yLmXIc9CesPCA==}
    engines: {node: '>=18.13'}
    hasBin: true
    peerDependencies:
      '@sveltejs/vite-plugin-svelte': ^3.0.0 || ^4.0.0-next.1 || ^5.0.0 || ^6.0.0-next.0
      svelte: ^4.0.0 || ^5.0.0-next.0
      vite: ^5.0.3 || ^6.0.0 || ^7.0.0-beta.0

  '@sveltejs/vite-plugin-svelte-inspector@5.0.0':
    resolution: {integrity: sha512-iwQ8Z4ET6ZFSt/gC+tVfcsSBHwsqc6RumSaiLUkAurW3BCpJam65cmHw0oOlDMTO0u+PZi9hilBRYN+LZNHTUQ==}
    engines: {node: ^20.19 || ^22.12 || >=24}
    peerDependencies:
      '@sveltejs/vite-plugin-svelte': ^6.0.0-next.0
      svelte: ^5.0.0
      vite: ^6.3.0 || ^7.0.0

  '@sveltejs/vite-plugin-svelte@6.1.0':
    resolution: {integrity: sha512-+U6lz1wvGEG/BvQyL4z/flyNdQ9xDNv5vrh+vWBWTHaebqT0c9RNggpZTo/XSPoHsSCWBlYaTlRX8pZ9GATXCw==}
    engines: {node: ^20.19 || ^22.12 || >=24}
    peerDependencies:
      svelte: ^5.0.0
      vite: ^6.3.0 || ^7.0.0

  '@tailwindcss/node@4.1.11':
    resolution: {integrity: sha512-yzhzuGRmv5QyU9qLNg4GTlYI6STedBWRE7NjxP45CsFYYq9taI0zJXZBMqIC/c8fViNLhmrbpSFS57EoxUmD6Q==}

  '@tailwindcss/oxide@4.1.11':
    resolution: {integrity: sha512-Q69XzrtAhuyfHo+5/HMgr1lAiPP/G40OMFAnws7xcFEYqcypZmdW8eGXaOUIeOl1dzPJBPENXgbjsOyhg2nkrg==}
    engines: {node: '>= 10'}

  '@tailwindcss/vite@4.1.11':
    resolution: {integrity: sha512-RHYhrR3hku0MJFRV+fN2gNbDNEh3dwKvY8XJvTxCSXeMOsCRSr+uKvDWQcbizrHgjML6ZmTE5OwMrl5wKcujCw==}
    peerDependencies:
      vite: ^5.2.0 || ^6 || ^7

  '@types/cookie@0.6.0':
    resolution: {integrity: sha512-4Kh9a6B2bQciAhf7FSuMRRkUWecJgJu9nPnx3yzpsfXX/c50REIqpHY4C82bXP90qrLtXtkDxTZosYO3UpOwlA==}

  '@types/estree@1.0.8':
    resolution: {integrity: sha512-dWHzHa2WqEXI/O1E9OjrocMTKJl2mSrEolh1Iomrv6U+JuNwaHXsXx9bLu5gG7BUWFIN0skIQJQ/L1rIex4X6w==}

  acorn@8.15.0:
    resolution: {integrity: sha512-NZyJarBfL7nWwIq+FDL6Zp/yHEhePMNnnJ0y3qfieCrmNvYct8uvtiV41UvlSe6apAfk0fY1FbWx+NwfmpvtTg==}
    engines: {node: '>=0.4.0'}
    hasBin: true

  aria-query@5.3.2:
    resolution: {integrity: sha512-COROpnaoap1E2F000S62r6A60uHZnmlvomhfyT2DlTcrY1OrBKn2UhH7qn5wTC9zMvD0AY7csdPSNwKP+7WiQw==}
    engines: {node: '>= 0.4'}

  axobject-query@4.1.0:
    resolution: {integrity: sha512-qIj0G9wZbMGNLjLmg1PT6v2mE9AH2zlnADJD/2tC6E00hgmhUOfEB6greHPAfLRSufHqROIUTkw6E+M3lH0PTQ==}
    engines: {node: '>= 0.4'}

  bits-ui@file:bits-ui:
    resolution: {directory: bits-ui, type: directory}

  chokidar@4.0.3:
    resolution: {integrity: sha512-Qgzu8kfBvo+cA4962jnP1KkS6Dop5NS6g7R5LFYJr4b8Ub94PPQXUksCw9PvXoeXPRRddRNC5C1JQUR2SMGtnA==}
    engines: {node: '>= 14.16.0'}

  chownr@3.0.0:
    resolution: {integrity: sha512-+IxzY9BZOQd/XuYPRmrvEVjF/nqj5kgT4kEq7VofrDoM1MxoRjEWkrCC3EtLi59TVawxTAn+orJwFQcrqEN1+g==}
    engines: {node: '>=18'}

  clsx@2.1.1:
    resolution: {integrity: sha512-eYm0QWBtUrBWZWG0d386OGAw16Z995PiOVo2B7bjWSbHedGl5e0ZWaq65kOGgUSNesEIDkB9ISbTg/JK9dhCZA==}
    engines: {node: '>=6'}

  cookie@1.0.2:
    resolution: {integrity: sha512-9Kr/j4O16ISv8zBBhJoi4bXOYNTkFLOqSL3UDB0njXxCXNezjeyVrJyGOWtgfs/q2km1gwBcfH8q1yEGoMYunA==}
    engines: {node: '>=18'}

  debug@4.4.1:
    resolution: {integrity: sha512-KcKCqiftBJcZr++7ykoDIEwSa3XWowTfNPo92BYxjXiyYEVrUQh2aLyhxBCwww+heortUFxEJYcRzosstTEBYQ==}
    engines: {node: '>=6.0'}
    peerDependencies:
      supports-color: '*'
    peerDependenciesMeta:
      supports-color:
        optional: true

  deepmerge@4.3.1:
    resolution: {integrity: sha512-3sUqbMEc77XqpdNO7FRyRog+eW3ph+GYCbj+rK+uYyRMuwsVy0rMiVtPn+QJlKFvWP/1PYpapqYn0Me2knFn+A==}
    engines: {node: '>=0.10.0'}

  detect-libc@2.0.4:
    resolution: {integrity: sha512-3UDv+G9CsCKO1WKMGw9fwq/SWJYbI0c5Y7LU1AXYoDdbhE2AHQ6N6Nb34sG8Fj7T5APy8qXDCKuuIHd1BR0tVA==}
    engines: {node: '>=8'}

  devalue@5.1.1:
    resolution: {integrity: sha512-maua5KUiapvEwiEAe+XnlZ3Rh0GD+qI1J/nb9vrJc3muPXvcF/8gXYTWF76+5DAqHyDUtOIImEuo0YKE9mshVw==}

  enhanced-resolve@5.18.2:
    resolution: {integrity: sha512-6Jw4sE1maoRJo3q8MsSIn2onJFbLTOjY9hlx4DZXmOKvLRd1Ok2kXmAGXaafL2+ijsJZ1ClYbl/pmqr9+k4iUQ==}
    engines: {node: '>=10.13.0'}

  esbuild@0.25.8:
    resolution: {integrity: sha512-vVC0USHGtMi8+R4Kz8rt6JhEWLxsv9Rnu/lGYbPR8u47B+DCBksq9JarW0zOO7bs37hyOK1l2/oqtbciutL5+Q==}
    engines: {node: '>=18'}
    hasBin: true

  esm-env@1.2.2:
    resolution: {integrity: sha512-Epxrv+Nr/CaL4ZcFGPJIYLWFom+YeV1DqMLHJoEd9SYRxNbaFruBwfEX/kkHUJf55j2+TUbmDcmuilbP1TmXHA==}

  esrap@2.1.0:
    resolution: {integrity: sha512-yzmPNpl7TBbMRC5Lj2JlJZNPml0tzqoqP5B1JXycNUwtqma9AKCO0M2wHrdgsHcy1WRW7S9rJknAMtByg3usgA==}

  fdir@6.4.6:
    resolution: {integrity: sha512-hiFoqpyZcfNm1yc4u8oWCf9A2c4D3QjCrks3zmoVKVxpQRzmPNar1hUJcBG2RQHvEVGDN+Jm81ZheVLAQMK6+w==}
    peerDependencies:
      picomatch: ^3 || ^4
    peerDependenciesMeta:
      picomatch:
        optional: true

  graceful-fs@4.2.11:
    resolution: {integrity: sha512-RbJ5/jmFcNNCcDV5o9eTnBLJ/HszWV0P73bc+Ff4nS/rJj+YaS6IGyiOL0VoBYX+l1Wrl3k63h/KrH+nhJ0XvQ==}

  is-reference@3.0.3:
    resolution: {integrity: sha512-ixkJoqQvAP88E6wLydLGGqCJsrFUnqoH6HnaczB8XmDH1oaWU+xxdptvikTgaEhtZ53Ky6YXiBuUI2WXLMCwjw==}

  jiti@2.4.2:
    resolution: {integrity: sha512-rg9zJN+G4n2nfJl5MW3BMygZX56zKPNVEYYqq7adpmMh4Jn2QNEwhvQlFy6jPVdcod7txZtKHWnyZiA3a0zP7A==}
    hasBin: true

  kleur@4.1.5:
    resolution: {integrity: sha512-o+NO+8WrRiQEE4/7nwRJhN1HWpVmJm511pBHUxPLtp0BUISzlBplORYSmTclCnJvQq2tKu/sgl3xVpkc7ZWuQQ==}
    engines: {node: '>=6'}

  lightningcss@1.30.1:
    resolution: {integrity: sha512-xi6IyHML+c9+Q3W0S4fCQJOym42pyurFiJUHEcEyHS0CeKzia4yZDEsLlqOFykxOdHpNy0NmvVO31vcSqAxJCg==}
    engines: {node: '>= 12.0.0'}

  locate-character@3.0.0:
    resolution: {integrity: sha512-SW13ws7BjaeJ6p7Q6CO2nchbYEc3X3J6WrmTTDto7yMPqVSZTUyY5Tjbid+Ab8gLnATtygYtiDIJGQRRn2ZOiA==}

  lucide-svelte@0.525.0:
    resolution: {integrity: sha512-kfuN6JcCqTfCz2B76aXnyGLAzEBRSYw5GaUspM5RNHQZS5aI5yaKu06fbaofOk8cDvUtY0AUm/zAix7aUX6Q3A==}
    peerDependencies:
      svelte: ^3 || ^4 || ^5.0.0-next.42

  magic-string@0.30.17:
    resolution: {integrity: sha512-sNPKHvyjVf7gyjwS4xGTaW/mCnF8wnjtifKBEhxfZ7E/S8tQ0rssrwGNn6q8JH/ohItJfSQp9mBtQYuTlH5QnA==}

  minipass@7.1.2:
    resolution: {integrity: sha512-qOOzS1cBTWYF4BH8fVePDBOO9iptMnGUEZwNc/cMWnTV2nVLZ7VoNWEPHkYczZA0pdoA7dl6e7FL659nX9S2aw==}
    engines: {node: '>=16 || 14 >=14.17'}

  minizlib@3.0.2:
    resolution: {integrity: sha512-oG62iEk+CYt5Xj2YqI5Xi9xWUeZhDI8jjQmC5oThVH5JGCTgIjr7ciJDzC7MBzYd//WvR1OTmP5Q38Q8ShQtVA==}
    engines: {node: '>= 18'}

  mkdirp@3.0.1:
    resolution: {integrity: sha512-+NsyUUAZDmo6YVHzL/stxSu3t9YS1iljliy3BSDrXJ/dkn1KYdmtZODGGjLcc9XLgVVpH4KshHB8XmZgMhaBXg==}
    engines: {node: '>=10'}
    hasBin: true

  mri@1.2.0:
    resolution: {integrity: sha512-tzzskb3bG8LvYGFF/mDTpq3jpI6Q9wc3LEmBaghu+DdCssd1FakN7Bc0hVNmEyGq1bq3RgfkCb3cmQLpNPOroA==}
    engines: {node: '>=4'}

  mrmime@2.0.1:
    resolution: {integrity: sha512-Y3wQdFg2Va6etvQ5I82yUhGdsKrcYox6p7FfL1LbK2J4V01F9TGlepTIhnK24t7koZibmg82KGglhA1XK5IsLQ==}
    engines: {node: '>=10'}

  ms@2.1.3:
    resolution: {integrity: sha512-6FlzubTLZG3J2a/NVCAleEhjzq5oxgHyaCU9yYXvcLsvoVaHJq/s5xXI6/XXP6tz7R9xAOtHnSO/tXtF3WRTlA==}

  nanoid@3.3.11:
    resolution: {integrity: sha512-N8SpfPUnUp1bK+PMYW8qSWdl9U+wwNWI4QKxOYDy9JAro3WMX7p2OeVRF9v+347pnakNevPmiHhNmZ2HbFA76w==}
    engines: {node: ^10 || ^12 || ^13.7 || ^14 || >=15.0.1}
    hasBin: true

  pdfjs-dist@5.3.93:
    resolution: {integrity: sha512-w3fQKVL1oGn8FRyx5JUG5tnbblggDqyx2XzA5brsJ5hSuS+I0NdnJANhmeWKLjotdbPQucLBug5t0MeWr0AAdg==}
    engines: {node: '>=20.16.0 || >=22.3.0'}

  picocolors@1.1.1:
    resolution: {integrity: sha512-xceH2snhtb5M9liqDsmEw56le376mTZkEX/jEb/RxNFyegNul7eNslCXP9FDj/Lcu0X8KEyMceP2ntpaHrDEVA==}

  picomatch@4.0.3:
    resolution: {integrity: sha512-5gTmgEY/sqK6gFXLIsQNH19lWb4ebPDLA4SdLP7dsWkIXHWlG66oPuVvXSGFPppYZz8ZDZq0dYYrbHfBCVUb1Q==}
    engines: {node: '>=12'}

  postcss@8.5.6:
    resolution: {integrity: sha512-3Ybi1tAuwAP9s0r1UQ2J4n5Y0G05bJkpUIO0/bI9MhwmD70S5aTWbXGBwxHrelT+XM1k6dM0pk+SwNkpTRN7Pg==}
    engines: {node: ^10 || ^12 || >=14}

  readdirp@4.1.2:
    resolution: {integrity: sha512-GDhwkLfywWL2s6vEjyhri+eXmfH6j1L7JE27WhqLeYzoh/A3DBaYGEj2H/HFZCn/kMfim73FXxEJTw06WtxQwg==}
    engines: {node: '>= 14.18.0'}

  rollup@4.45.1:
    resolution: {integrity: sha512-4iya7Jb76fVpQyLoiVpzUrsjQ12r3dM7fIVz+4NwoYvZOShknRmiv+iu9CClZml5ZLGb0XMcYLutK6w9tgxHDw==}
    engines: {node: '>=18.0.0', npm: '>=8.0.0'}
    hasBin: true

  sade@1.8.1:
    resolution: {integrity: sha512-xal3CZX1Xlo/k4ApwCFrHVACi9fBqJ7V+mwhBsuf/1IOKbBy098Fex+Wa/5QMubw09pSZ/u8EY8PWgevJsXp1A==}
    engines: {node: '>=6'}

  set-cookie-parser@2.7.1:
    resolution: {integrity: sha512-IOc8uWeOZgnb3ptbCURJWNjWUPcO3ZnTTdzsurqERrP6nPyv+paC55vJM0LpOlT2ne+Ix+9+CRG1MNLlyZ4GjQ==}

  sirv@3.0.1:
    resolution: {integrity: sha512-FoqMu0NCGBLCcAkS1qA+XJIQTR6/JHfQXl+uGteNCQ76T91DMUjPa9xfmeqMY3z80nLSg9yQmNjK0Px6RWsH/A==}
    engines: {node: '>=18'}

  source-map-js@1.2.1:
    resolution: {integrity: sha512-UXWMKhLOwVKb728IUtQPXxfYU+usdybtUrK/8uGE8CQMvrhOpwvzDBwj0QhSL7MQc7vIsISBG8VQ8+IDQxpfQA==}
    engines: {node: '>=0.10.0'}

  svelte-check@4.3.0:
    resolution: {integrity: sha512-Iz8dFXzBNAM7XlEIsUjUGQhbEE+Pvv9odb9+0+ITTgFWZBGeJRRYqHUUglwe2EkLD5LIsQaAc4IUJyvtKuOO5w==}
    engines: {node: '>= 18.0.0'}
    hasBin: true
    peerDependencies:
      svelte: ^4.0.0 || ^5.0.0-next.0
      typescript: '>=5.0.0'

  svelte@5.36.13:
    resolution: {integrity: sha512-LnSywHHQM/nJekC65d84T1Yo85IeCYN4AryWYPhTokSvcEAFdYFCfbMhX1mc0zHizT736QQj0nalUk+SXaWrEQ==}
    engines: {node: '>=18'}

  tailwind-merge@3.0.2:
    resolution: {integrity: sha512-l7z+OYZ7mu3DTqrL88RiKrKIqO3NcpEO8V/Od04bNpvk0kiIFndGEoqfuzvj4yuhRkHKjRkII2z+KS2HfPcSxw==}

  tailwind-merge@3.3.1:
    resolution: {integrity: sha512-gBXpgUm/3rp1lMZZrM/w7D8GKqshif0zAymAhbCyIt8KMe+0v9DQ7cdYLR4FHH/cKpdTXb+A/tKKU3eolfsI+g==}

  tailwind-variants@1.0.0:
    resolution: {integrity: sha512-2WSbv4ulEEyuBKomOunut65D8UZwxrHoRfYnxGcQNnHqlSCp2+B7Yz2W+yrNDrxRodOXtGD/1oCcKGNBnUqMqA==}
    engines: {node: '>=16.x', pnpm: '>=7.x'}
    peerDependencies:
      tailwindcss: '*'

  tailwindcss@4.1.11:
    resolution: {integrity: sha512-2E9TBm6MDD/xKYe+dvJZAmg3yxIEDNRc0jwlNyDg/4Fil2QcSLjFKGVff0lAf1jjeaArlG/M75Ey/EYr/OJtBA==}

  tapable@2.2.2:
    resolution: {integrity: sha512-Re10+NauLTMCudc7T5WLFLAwDhQ0JWdrMK+9B2M8zR5hRExKmsRDCBA7/aV/pNJFltmBFO5BAMlQFi/vq3nKOg==}
    engines: {node: '>=6'}

  tar@7.4.3:
    resolution: {integrity: sha512-5S7Va8hKfV7W5U6g3aYxXmlPoZVAwUMy9AOKyF2fVuZa2UD3qZjg578OrLRt8PcNN1PleVaL/5/yYATNL0ICUw==}
    engines: {node: '>=18'}

  tinyglobby@0.2.14:
    resolution: {integrity: sha512-tX5e7OM1HnYr2+a2C/4V0htOcSQcoSTH9KgJnVvNm5zm/cyEWKJ7j7YutsH9CxMdtOkkLFy2AHrMci9IM8IPZQ==}
    engines: {node: '>=12.0.0'}

  totalist@3.0.1:
    resolution: {integrity: sha512-sf4i37nQ2LBx4m3wB74y+ubopq6W/dIzXg0FDGjsYnZHVa1Da8FH853wlL2gtUhg+xJXjfk3kUZS3BRoQeoQBQ==}
    engines: {node: '>=6'}

  tw-animate-css@1.3.5:
    resolution: {integrity: sha512-t3u+0YNoloIhj1mMXs779P6MO9q3p3mvGn4k1n3nJPqJw/glZcuijG2qTSN4z4mgNRfW5ZC3aXJFLwDtiipZXA==}

  typescript@5.8.3:
    resolution: {integrity: sha512-p1diW6TqL9L07nNxvRMM7hMMw4c5XOo/1ibL4aAIGmSAt9slTE1Xgw5KWuof2uTOvCg9BY7ZRi+GaF+7sfgPeQ==}
    engines: {node: '>=14.17'}
    hasBin: true

  vite@7.0.5:
    resolution: {integrity: sha512-1mncVwJxy2C9ThLwz0+2GKZyEXuC3MyWtAAlNftlZZXZDP3AJt5FmwcMit/IGGaNZ8ZOB2BNO/HFUB+CpN0NQw==}
    engines: {node: ^20.19.0 || >=22.12.0}
    hasBin: true
    peerDependencies:
      '@types/node': ^20.19.0 || >=22.12.0
      jiti: '>=1.21.0'
      less: ^4.0.0
      lightningcss: ^1.21.0
      sass: ^1.70.0
      sass-embedded: ^1.70.0
      stylus: '>=0.54.8'
      sugarss: ^5.0.0
      terser: ^5.16.0
      tsx: ^4.8.1
      yaml: ^2.4.2
    peerDependenciesMeta:
      '@types/node':
        optional: true
      jiti:
        optional: true
      less:
        optional: true
      lightningcss:
        optional: true
      sass:
        optional: true
      sass-embedded:
        optional: true
      stylus:
        optional: true
      sugarss:
        optional: true
      terser:
        optional: true
      tsx:
        optional: true
      yaml:
        optional: true

  vitefu@1.1.1:
    resolution: {integrity: sha512-B/Fegf3i8zh0yFbpzZ21amWzHmuNlLlmJT6n7bu5e+pCHUKQIfXSYokrqOBGEMMe9UG2sostKQF9mml/vYaWJQ==}
    peerDependencies:
      vite: ^3.0.0 || ^4.0.0 || ^5.0.0 || ^6.0.0 || ^7.0.0-beta.0
    peerDependenciesMeta:
      vite:
        optional: true

  yallist@5.0.0:
    resolution: {integrity: sha512-YgvUTfwqyc7UXVMrB+SImsVYSmTS8X/tSrtdNZMImM+n7+QTriRXyXim0mBrTXNeqzVF0KWGgHPeiyViFFrNDw==}
    engines: {node: '>=18'}

  zimmerframe@1.1.2:
    resolution: {integrity: sha512-rAbqEGa8ovJy4pyBxZM70hg4pE6gDgaQ0Sl9M3enG3I0d6H4XSAM3GeNGLKnsBpuijUow064sf7ww1nutC5/3w==}

snapshots:

  '@ampproject/remapping@2.3.0':
    dependencies:
      '@jridgewell/gen-mapping': 0.3.12
      '@jridgewell/trace-mapping': 0.3.29

  '@isaacs/fs-minipass@4.0.1':
    dependencies:
      minipass: 7.1.2

  '@jridgewell/gen-mapping@0.3.12':
    dependencies:
      '@jridgewell/sourcemap-codec': 1.5.4
      '@jridgewell/trace-mapping': 0.3.29

  '@jridgewell/resolve-uri@3.1.2': {}

  '@jridgewell/sourcemap-codec@1.5.4': {}

  '@jridgewell/trace-mapping@0.3.29':
    dependencies:
      '@jridgewell/resolve-uri': 3.1.2
      '@jridgewell/sourcemap-codec': 1.5.4

  '@lucide/svelte@0.525.0(svelte@5.36.13)':
    dependencies:
      svelte: 5.36.13

  '@polka/url@1.0.0-next.29': {}

  '@sveltejs/acorn-typescript@1.0.5(acorn@8.15.0)':
    dependencies:
      acorn: 8.15.0

  '@sveltejs/adapter-auto@6.0.1(@sveltejs/kit@2.25.1(@sveltejs/vite-plugin-svelte@6.1.0(svelte@5.36.13)(vite@7.0.5))(svelte@5.36.13)(vite@7.0.5))':
    dependencies:
      '@sveltejs/kit': 2.25.1(@sveltejs/vite-plugin-svelte@6.1.0(svelte@5.36.13)(vite@7.0.5))(svelte@5.36.13)(vite@7.0.5)

  '@sveltejs/kit@2.25.1(@sveltejs/vite-plugin-svelte@6.1.0(svelte@5.36.13)(vite@7.0.5))(svelte@5.36.13)(vite@7.0.5)':
    dependencies:
      '@sveltejs/acorn-typescript': 1.0.5(acorn@8.15.0)
      '@sveltejs/vite-plugin-svelte': 6.1.0(svelte@5.36.13)(vite@7.0.5)
      '@types/cookie': 0.6.0
      acorn: 8.15.0
      cookie: 1.0.2
      devalue: 5.1.1
      esm-env: 1.2.2
      kleur: 4.1.5
      magic-string: 0.30.17
      mrmime: 2.0.1
      sade: 1.8.1
      set-cookie-parser: 2.7.1
      sirv: 3.0.1
      svelte: 5.36.13
      vite: 7.0.5

  '@sveltejs/vite-plugin-svelte-inspector@5.0.0(@sveltejs/vite-plugin-svelte@6.1.0(svelte@5.36.13)(vite@7.0.5))(svelte@5.36.13)(vite@7.0.5)':
    dependencies:
      '@sveltejs/vite-plugin-svelte': 6.1.0(svelte@5.36.13)(vite@7.0.5)
      debug: 4.4.1
      svelte: 5.36.13
      vite: 7.0.5
    transitivePeerDependencies:
      - supports-color

  '@sveltejs/vite-plugin-svelte@6.1.0(svelte@5.36.13)(vite@7.0.5)':
    dependencies:
      '@sveltejs/vite-plugin-svelte-inspector': 5.0.0(@sveltejs/vite-plugin-svelte@6.1.0(svelte@5.36.13)(vite@7.0.5))(svelte@5.36.13)(vite@7.0.5)
      debug: 4.4.1
      deepmerge: 4.3.1
      kleur: 4.1.5
      magic-string: 0.30.17
      svelte: 5.36.13
      vite: 7.0.5
      vitefu: 1.1.1(vite@7.0.5)
    transitivePeerDependencies:
      - supports-color

  '@tailwindcss/node@4.1.11':
    dependencies:
      '@ampproject/remapping': 2.3.0
      enhanced-resolve: 5.18.2
      jiti: 2.4.2
      lightningcss: 1.30.1
      magic-string: 0.30.17
      source-map-js: 1.2.1
      tailwindcss: 4.1.11

  '@tailwindcss/oxide@4.1.11':
    dependencies:
      detect-libc: 2.0.4
      tar: 7.4.3

  '@tailwindcss/vite@4.1.11(vite@7.0.5)':
    dependencies:
      '@tailwindcss/node': 4.1.11
      '@tailwindcss/oxide': 4.1.11
      tailwindcss: 4.1.11
      vite: 7.0.5

  '@types/cookie@0.6.0': {}

  '@types/estree@1.0.8': {}

  acorn@8.15.0: {}

  aria-query@5.3.2: {}

  axobject-query@4.1.0: {}

  bits-ui@file:bits-ui: {}

  chokidar@4.0.3:
    dependencies:
      readdirp: 4.1.2

  chownr@3.0.0: {}

  clsx@2.1.1: {}

  cookie@1.0.2: {}

  debug@4.4.1:
    dependencies:
      ms: 2.1.3

  deepmerge@4.3.1: {}

  detect-libc@2.0.4: {}

  devalue@5.1.1: {}

  enhanced-resolve@5.18.2:
    dependencies:
      graceful-fs: 4.2.11
      tapable: 2.2.2

  esbuild@0.25.8: {}

  esm-env@1.2.2: {}

  esrap@2.1.0:
    dependencies:
      '@jridgewell/sourcemap-codec': 1.5.4

  fdir@6.4.6(picomatch@4.0.3):
    optionalDependencies:
      picomatch: 4.0.3

  graceful-fs@4.2.11: {}

  is-reference@3.0.3:
    dependencies:
      '@types/estree': 1.0.8

  jiti@2.4.2: {}

  kleur@4.1.5: {}

  lightningcss@1.30.1:
    dependencies:
      detect-libc: 2.0.4

  locate-character@3.0.0: {}

  lucide-svelte@0.525.0(svelte@5.36.13):
    dependencies:
      svelte: 5.36.13

  magic-string@0.30.17:
    dependencies:
      '@jridgewell/sourcemap-codec': 1.5.4

  minipass@7.1.2: {}

  minizlib@3.0.2:
    dependencies:
      minipass: 7.1.2

  mkdirp@3.0.1: {}

  mri@1.2.0: {}

  mrmime@2.0.1: {}

  ms@2.1.3: {}

  nanoid@3.3.11: {}

  pdfjs-dist@5.3.93: {}

  picocolors@1.1.1: {}

  picomatch@4.0.3: {}

  postcss@8.5.6:
    dependencies:
      nanoid: 3.3.11
      picocolors: 1.1.1
      source-map-js: 1.2.1

  readdirp@4.1.2: {}

  rollup@4.45.1:
    dependencies:
      '@types/estree': 1.0.8

  sade@1.8.1:
    dependencies:
      mri: 1.2.0

  set-cookie-parser@2.7.1: {}

  sirv@3.0.1:
    dependencies:
      '@polka/url': 1.0.0-next.29
      mrmime: 2.0.1
      totalist: 3.0.1

  source-map-js@1.2.1: {}

  svelte-check@4.3.0(picomatch@4.0.3)(svelte@5.36.13)(typescript@5.8.3):
    dependencies:
      '@jridgewell/trace-mapping': 0.3.29
      chokidar: 4.0.3
      fdir: 6.4.6(picomatch@4.0.3)
      picocolors: 1.1.1
      sade: 1.8.1
      svelte: 5.36.13
      typescript: 5.8.3
    transitivePeerDependencies:
      - picomatch

  svelte@5.36.13:
    dependencies:
      '@ampproject/remapping': 2.3.0
      '@jridgewell/sourcemap-codec': 1.5.4
      '@sveltejs/acorn-typescript': 1.0.5(acorn@8.15.0)
      '@types/estree': 1.0.8
      acorn: 8.15.0
      aria-query: 5.3.2
      axobject-query: 4.1.0
      clsx: 2.1.1
      esm-env: 1.2.2
      esrap: 2.1.0
      is-reference: 3.0.3
      locate-character: 3.0.0
      magic-string: 0.30.17
      zimmerframe: 1.1.2

  tailwind-merge@3.0.2: {}

  tailwind-merge@3.3.1: {}

  tailwind-variants@1.0.0(tailwindcss@4.1.11):
    dependencies:
      tailwind-merge: 3.0.2
      tailwindcss: 4.1.11

  tailwindcss@4.1.11: {}

  tapable@2.2.2: {}

  tar@7.4.3:
    dependencies:
      '@isaacs/fs-minipass': 4.0.1
      chownr: 3.0.0
      minipass: 7.1.2
      minizlib: 3.0.2
      mkdirp: 3.0.1
      yallist: 5.0.0

  tinyglobby@0.2.14:
    dependencies:
      fdir: 6.4.6(picomatch@4.0.3)
      picomatch: 4.0.3

  totalist@3.0.1: {}

  tw-animate-css@1.3.5: {}

  typescript@5.8.3: {}

  vite@7.0.5:
    dependencies:
      esbuild: 0.25.8
      fdir: 6.4.6(picomatch@4.0.3)
      picomatch: 4.0.3
      postcss: 8.5.6
      rollup: 4.45.1
      tinyglobby: 0.2.14

  vitefu@1.1.1(vite@7.0.5):
    optionalDependencies:
      vite: 7.0.5

  yallist@5.0.0: {}

  zimmerframe@1.1.2: {}
